// !$*UTF8*$!
{
	archiveVersion = 1;
	classes = {
	};
	objectVersion = 50;
	objects = {

/* Begin PBXBuildFile section */
		7FB89FBD6FD5F4A9A88D5D8E /* libPods-SCHCorePartTests.a in Frameworks */ = {isa = PBXBuildFile; fileRef = E08D3EF88C74AC54E6D4CBE5 /* libPods-SCHCorePartTests.a */; };
		8766336553EE1C2755BB6CCD /* libPods-SCHCorePart.a in Frameworks */ = {isa = PBXBuildFile; fileRef = BE2F24C5193BC70A55166545 /* libPods-SCHCorePart.a */; };
		9D57A14795561912D6A2AEA6 /* libPods-SCHCorePart-SCHCorePartUITests.a in Frameworks */ = {isa = PBXBuildFile; fileRef = 500AB03B72DEEEB97E1A4870 /* libPods-SCHCorePart-SCHCorePartUITests.a */; };
		EA89720F246AE76A00342198 /* SCHPerson.swift in Sources */ = {isa = PBXBuildFile; fileRef = EA89720E246AE76A00342198 /* SCHPerson.swift */; };
		EAB4F4E1246AC3BD00D353E8 /* AppDelegate.swift in Sources */ = {isa = PBXBuildFile; fileRef = EAB4F4E0246AC3BD00D353E8 /* AppDelegate.swift */; };
		EAB4F4E8246AC3BD00D353E8 /* Main.storyboard in Resources */ = {isa = PBXBuildFile; fileRef = EAB4F4E6246AC3BD00D353E8 /* Main.storyboard */; };
		EAB4F4EA246AC3BE00D353E8 /* Assets.xcassets in Resources */ = {isa = PBXBuildFile; fileRef = EAB4F4E9246AC3BE00D353E8 /* Assets.xcassets */; };
		EAB4F4ED246AC3BE00D353E8 /* LaunchScreen.storyboard in Resources */ = {isa = PBXBuildFile; fileRef = EAB4F4EB246AC3BE00D353E8 /* LaunchScreen.storyboard */; };
		EAB4F4F8246AC3BE00D353E8 /* SCHCorePartTests.swift in Sources */ = {isa = PBXBuildFile; fileRef = EAB4F4F7246AC3BE00D353E8 /* SCHCorePartTests.swift */; };
		EAB4F503246AC3BE00D353E8 /* SCHCorePartUITests.swift in Sources */ = {isa = PBXBuildFile; fileRef = EAB4F502246AC3BE00D353E8 /* SCHCorePartUITests.swift */; };
		EAB4F511246ACAAC00D353E8 /* SceneDelegate.swift in Sources */ = {isa = PBXBuildFile; fileRef = EAB4F510246ACAAC00D353E8 /* SceneDelegate.swift */; };
		EAE54B2C246AD81B00D05F6D /* SCHCorePartViewController.swift in Sources */ = {isa = PBXBuildFile; fileRef = EAE54B2B246AD81B00D05F6D /* SCHCorePartViewController.swift */; };
/* End PBXBuildFile section */

/* Begin PBXContainerItemProxy section */
		EAB4F4F4246AC3BE00D353E8 /* PBXContainerItemProxy */ = {
			isa = PBXContainerItemProxy;
			containerPortal = EAB4F4D5246AC3BD00D353E8 /* Project object */;
			proxyType = 1;
			remoteGlobalIDString = EAB4F4DC246AC3BD00D353E8;
			remoteInfo = SCHCorePart;
		};
		EAB4F4FF246AC3BE00D353E8 /* PBXContainerItemProxy */ = {
			isa = PBXContainerItemProxy;
			containerPortal = EAB4F4D5246AC3BD00D353E8 /* Project object */;
			proxyType = 1;
			remoteGlobalIDString = EAB4F4DC246AC3BD00D353E8;
			remoteInfo = SCHCorePart;
		};
/* End PBXContainerItemProxy section */

/* Begin PBXFileReference section */
		0A0558160F49A97966BF6CB4 /* Pods-SCHCorePart-SCHCorePartUITests.debug.xcconfig */ = {isa = PBXFileReference; includeInIndex = 1; lastKnownFileType = text.xcconfig; name = "Pods-SCHCorePart-SCHCorePartUITests.debug.xcconfig"; path = "Target Support Files/Pods-SCHCorePart-SCHCorePartUITests/Pods-SCHCorePart-SCHCorePartUITests.debug.xcconfig"; sourceTree = "<group>"; };
		16B0157E2464676E29D9652B /* Pods-SCHCorePartTests.release.xcconfig */ = {isa = PBXFileReference; includeInIndex = 1; lastKnownFileType = text.xcconfig; name = "Pods-SCHCorePartTests.release.xcconfig"; path = "Target Support Files/Pods-SCHCorePartTests/Pods-SCHCorePartTests.release.xcconfig"; sourceTree = "<group>"; };
		2DB22323274A45B7B41F9119 /* Pods-SCHCorePart.release.xcconfig */ = {isa = PBXFileReference; includeInIndex = 1; lastKnownFileType = text.xcconfig; name = "Pods-SCHCorePart.release.xcconfig"; path = "Target Support Files/Pods-SCHCorePart/Pods-SCHCorePart.release.xcconfig"; sourceTree = "<group>"; };
		500AB03B72DEEEB97E1A4870 /* libPods-SCHCorePart-SCHCorePartUITests.a */ = {isa = PBXFileReference; explicitFileType = archive.ar; includeInIndex = 0; path = "libPods-SCHCorePart-SCHCorePartUITests.a"; sourceTree = BUILT_PRODUCTS_DIR; };
		8704DB299B4CC37848E85D80 /* Pods-SCHCorePart.debug.xcconfig */ = {isa = PBXFileReference; includeInIndex = 1; lastKnownFileType = text.xcconfig; name = "Pods-SCHCorePart.debug.xcconfig"; path = "Target Support Files/Pods-SCHCorePart/Pods-SCHCorePart.debug.xcconfig"; sourceTree = "<group>"; };
		986779FA143B63A7CEC26761 /* Pods-SCHCorePartTests.debug.xcconfig */ = {isa = PBXFileReference; includeInIndex = 1; lastKnownFileType = text.xcconfig; name = "Pods-SCHCorePartTests.debug.xcconfig"; path = "Target Support Files/Pods-SCHCorePartTests/Pods-SCHCorePartTests.debug.xcconfig"; sourceTree = "<group>"; };
		BE2F24C5193BC70A55166545 /* libPods-SCHCorePart.a */ = {isa = PBXFileReference; explicitFileType = archive.ar; includeInIndex = 0; path = "libPods-SCHCorePart.a"; sourceTree = BUILT_PRODUCTS_DIR; };
		D9527D48DB02211A1427323E /* Pods-SCHCorePart-SCHCorePartUITests.release.xcconfig */ = {isa = PBXFileReference; includeInIndex = 1; lastKnownFileType = text.xcconfig; name = "Pods-SCHCorePart-SCHCorePartUITests.release.xcconfig"; path = "Target Support Files/Pods-SCHCorePart-SCHCorePartUITests/Pods-SCHCorePart-SCHCorePartUITests.release.xcconfig"; sourceTree = "<group>"; };
		E08D3EF88C74AC54E6D4CBE5 /* libPods-SCHCorePartTests.a */ = {isa = PBXFileReference; explicitFileType = archive.ar; includeInIndex = 0; path = "libPods-SCHCorePartTests.a"; sourceTree = BUILT_PRODUCTS_DIR; };
		EA89720E246AE76A00342198 /* SCHPerson.swift */ = {isa = PBXFileReference; lastKnownFileType = sourcecode.swift; path = SCHPerson.swift; sourceTree = "<group>"; };
		EAB4F4DD246AC3BD00D353E8 /* SCHCorePart.app */ = {isa = PBXFileReference; explicitFileType = wrapper.application; includeInIndex = 0; path = SCHCorePart.app; sourceTree = BUILT_PRODUCTS_DIR; };
		EAB4F4E0246AC3BD00D353E8 /* AppDelegate.swift */ = {isa = PBXFileReference; lastKnownFileType = sourcecode.swift; path = AppDelegate.swift; sourceTree = "<group>"; };
		EAB4F4E7246AC3BD00D353E8 /* Base */ = {isa = PBXFileReference; lastKnownFileType = file.storyboard; name = Base; path = Base.lproj/Main.storyboard; sourceTree = "<group>"; };
		EAB4F4E9246AC3BE00D353E8 /* Assets.xcassets */ = {isa = PBXFileReference; lastKnownFileType = folder.assetcatalog; path = Assets.xcassets; sourceTree = "<group>"; };
		EAB4F4EC246AC3BE00D353E8 /* Base */ = {isa = PBXFileReference; lastKnownFileType = file.storyboard; name = Base; path = Base.lproj/LaunchScreen.storyboard; sourceTree = "<group>"; };
		EAB4F4EE246AC3BE00D353E8 /* Info.plist */ = {isa = PBXFileReference; lastKnownFileType = text.plist.xml; path = Info.plist; sourceTree = "<group>"; };
		EAB4F4F3246AC3BE00D353E8 /* SCHCorePartTests.xctest */ = {isa = PBXFileReference; explicitFileType = wrapper.cfbundle; includeInIndex = 0; path = SCHCorePartTests.xctest; sourceTree = BUILT_PRODUCTS_DIR; };
		EAB4F4F7246AC3BE00D353E8 /* SCHCorePartTests.swift */ = {isa = PBXFileReference; lastKnownFileType = sourcecode.swift; path = SCHCorePartTests.swift; sourceTree = "<group>"; };
		EAB4F4F9246AC3BE00D353E8 /* Info.plist */ = {isa = PBXFileReference; lastKnownFileType = text.plist.xml; path = Info.plist; sourceTree = "<group>"; };
		EAB4F4FE246AC3BE00D353E8 /* SCHCorePartUITests.xctest */ = {isa = PBXFileReference; explicitFileType = wrapper.cfbundle; includeInIndex = 0; path = SCHCorePartUITests.xctest; sourceTree = BUILT_PRODUCTS_DIR; };
		EAB4F502246AC3BE00D353E8 /* SCHCorePartUITests.swift */ = {isa = PBXFileReference; lastKnownFileType = sourcecode.swift; path = SCHCorePartUITests.swift; sourceTree = "<group>"; };
		EAB4F504246AC3BE00D353E8 /* Info.plist */ = {isa = PBXFileReference; lastKnownFileType = text.plist.xml; path = Info.plist; sourceTree = "<group>"; };
		EAB4F510246ACAAC00D353E8 /* SceneDelegate.swift */ = {isa = PBXFileReference; fileEncoding = 4; lastKnownFileType = sourcecode.swift; path = SceneDelegate.swift; sourceTree = "<group>"; };
		EAE54B2B246AD81B00D05F6D /* SCHCorePartViewController.swift */ = {isa = PBXFileReference; lastKnownFileType = sourcecode.swift; path = SCHCorePartViewController.swift; sourceTree = "<group>"; };
/* End PBXFileReference section */

/* Begin PBXFrameworksBuildPhase section */
		EAB4F4DA246AC3BD00D353E8 /* Frameworks */ = {
			isa = PBXFrameworksBuildPhase;
			buildActionMask = 2147483647;
			files = (
				8766336553EE1C2755BB6CCD /* libPods-SCHCorePart.a in Frameworks */,
			);
			runOnlyForDeploymentPostprocessing = 0;
		};
		EAB4F4F0246AC3BE00D353E8 /* Frameworks */ = {
			isa = PBXFrameworksBuildPhase;
			buildActionMask = 2147483647;
			files = (
				7FB89FBD6FD5F4A9A88D5D8E /* libPods-SCHCorePartTests.a in Frameworks */,
			);
			runOnlyForDeploymentPostprocessing = 0;
		};
		EAB4F4FB246AC3BE00D353E8 /* Frameworks */ = {
			isa = PBXFrameworksBuildPhase;
			buildActionMask = 2147483647;
			files = (
				9D57A14795561912D6A2AEA6 /* libPods-SCHCorePart-SCHCorePartUITests.a in Frameworks */,
			);
			runOnlyForDeploymentPostprocessing = 0;
		};
/* End PBXFrameworksBuildPhase section */

/* Begin PBXGroup section */
		154ACA014614EF56EA293649 /* Frameworks */ = {
			isa = PBXGroup;
			children = (
				BE2F24C5193BC70A55166545 /* libPods-SCHCorePart.a */,
				500AB03B72DEEEB97E1A4870 /* libPods-SCHCorePart-SCHCorePartUITests.a */,
				E08D3EF88C74AC54E6D4CBE5 /* libPods-SCHCorePartTests.a */,
			);
			name = Frameworks;
			sourceTree = "<group>";
		};
		8BF46A475245E5EEBC666A02 /* Pods */ = {
			isa = PBXGroup;
			children = (
				8704DB299B4CC37848E85D80 /* Pods-SCHCorePart.debug.xcconfig */,
				2DB22323274A45B7B41F9119 /* Pods-SCHCorePart.release.xcconfig */,
				0A0558160F49A97966BF6CB4 /* Pods-SCHCorePart-SCHCorePartUITests.debug.xcconfig */,
				D9527D48DB02211A1427323E /* Pods-SCHCorePart-SCHCorePartUITests.release.xcconfig */,
				986779FA143B63A7CEC26761 /* Pods-SCHCorePartTests.debug.xcconfig */,
				16B0157E2464676E29D9652B /* Pods-SCHCorePartTests.release.xcconfig */,
			);
			path = Pods;
			sourceTree = "<group>";
		};
		EAB4F4D4246AC3BD00D353E8 = {
			isa = PBXGroup;
			children = (
				EAB4F4E0246AC3BD00D353E8 /* AppDelegate.swift */,
				EAB4F510246ACAAC00D353E8 /* SceneDelegate.swift */,
				EAB4F4DF246AC3BD00D353E8 /* SCHCorePart */,
				EAB4F4F6246AC3BE00D353E8 /* SCHCorePartTests */,
				EAB4F501246AC3BE00D353E8 /* SCHCorePartUITests */,
				EAB4F4DE246AC3BD00D353E8 /* Products */,
				8BF46A475245E5EEBC666A02 /* Pods */,
				154ACA014614EF56EA293649 /* Frameworks */,
			);
			sourceTree = "<group>";
		};
		EAB4F4DE246AC3BD00D353E8 /* Products */ = {
			isa = PBXGroup;
			children = (
				EAB4F4DD246AC3BD00D353E8 /* SCHCorePart.app */,
				EAB4F4F3246AC3BE00D353E8 /* SCHCorePartTests.xctest */,
				EAB4F4FE246AC3BE00D353E8 /* SCHCorePartUITests.xctest */,
			);
			name = Products;
			sourceTree = "<group>";
		};
		EAB4F4DF246AC3BD00D353E8 /* SCHCorePart */ = {
			isa = PBXGroup;
			children = (
				EAE54B2B246AD81B00D05F6D /* SCHCorePartViewController.swift */,
				EA89720E246AE76A00342198 /* SCHPerson.swift */,
				EAB4F4E6246AC3BD00D353E8 /* Main.storyboard */,
				EAB4F4E9246AC3BE00D353E8 /* Assets.xcassets */,
				EAB4F4EB246AC3BE00D353E8 /* LaunchScreen.storyboard */,
				EAB4F4EE246AC3BE00D353E8 /* Info.plist */,
			);
			path = SCHCorePart;
			sourceTree = "<group>";
		};
		EAB4F4F6246AC3BE00D353E8 /* SCHCorePartTests */ = {
			isa = PBXGroup;
			children = (
				EAB4F4F7246AC3BE00D353E8 /* SCHCorePartTests.swift */,
				EAB4F4F9246AC3BE00D353E8 /* Info.plist */,
			);
			path = SCHCorePartTests;
			sourceTree = "<group>";
		};
		EAB4F501246AC3BE00D353E8 /* SCHCorePartUITests */ = {
			isa = PBXGroup;
			children = (
				EAB4F502246AC3BE00D353E8 /* SCHCorePartUITests.swift */,
				EAB4F504246AC3BE00D353E8 /* Info.plist */,
			);
			path = SCHCorePartUITests;
			sourceTree = "<group>";
		};
/* End PBXGroup section */

/* Begin PBXNativeTarget section */
		EAB4F4DC246AC3BD00D353E8 /* SCHCorePart */ = {
			isa = PBXNativeTarget;
			buildConfigurationList = EAB4F507246AC3BE00D353E8 /* Build configuration list for PBXNativeTarget "SCHCorePart" */;
			buildPhases = (
				F1589B7CB7A6F561879C7898 /* [CP] Check Pods Manifest.lock */,
				EAB4F4D9246AC3BD00D353E8 /* Sources */,
				EAB4F4DA246AC3BD00D353E8 /* Frameworks */,
				EAB4F4DB246AC3BD00D353E8 /* Resources */,
			);
			buildRules = (
			);
			dependencies = (
			);
			name = SCHCorePart;
			productName = SCHCorePart;
			productReference = EAB4F4DD246AC3BD00D353E8 /* SCHCorePart.app */;
			productType = "com.apple.product-type.application";
		};
		EAB4F4F2246AC3BE00D353E8 /* SCHCorePartTests */ = {
			isa = PBXNativeTarget;
			buildConfigurationList = EAB4F50A246AC3BE00D353E8 /* Build configuration list for PBXNativeTarget "SCHCorePartTests" */;
			buildPhases = (
				7EB0FBA0050259D0FFF0868C /* [CP] Check Pods Manifest.lock */,
				EAB4F4EF246AC3BE00D353E8 /* Sources */,
				EAB4F4F0246AC3BE00D353E8 /* Frameworks */,
				EAB4F4F1246AC3BE00D353E8 /* Resources */,
			);
			buildRules = (
			);
			dependencies = (
				EAB4F4F5246AC3BE00D353E8 /* PBXTargetDependency */,
			);
			name = SCHCorePartTests;
			productName = SCHCorePartTests;
			productReference = EAB4F4F3246AC3BE00D353E8 /* SCHCorePartTests.xctest */;
			productType = "com.apple.product-type.bundle.unit-test";
		};
		EAB4F4FD246AC3BE00D353E8 /* SCHCorePartUITests */ = {
			isa = PBXNativeTarget;
			buildConfigurationList = EAB4F50D246AC3BE00D353E8 /* Build configuration list for PBXNativeTarget "SCHCorePartUITests" */;
			buildPhases = (
				FE7EDA36669BA876B7179CC5 /* [CP] Check Pods Manifest.lock */,
				EAB4F4FA246AC3BE00D353E8 /* Sources */,
				EAB4F4FB246AC3BE00D353E8 /* Frameworks */,
				EAB4F4FC246AC3BE00D353E8 /* Resources */,
			);
			buildRules = (
			);
			dependencies = (
				EAB4F500246AC3BE00D353E8 /* PBXTargetDependency */,
			);
			name = SCHCorePartUITests;
			productName = SCHCorePartUITests;
			productReference = EAB4F4FE246AC3BE00D353E8 /* SCHCorePartUITests.xctest */;
			productType = "com.apple.product-type.bundle.ui-testing";
		};
/* End PBXNativeTarget section */

/* Begin PBXProject section */
		EAB4F4D5246AC3BD00D353E8 /* Project object */ = {
			isa = PBXProject;
			attributes = {
				LastSwiftUpdateCheck = 1140;
				LastUpgradeCheck = 1140;
				ORGANIZATIONNAME = schooldave;
				TargetAttributes = {
					EAB4F4DC246AC3BD00D353E8 = {
						CreatedOnToolsVersion = 11.4;
					};
					EAB4F4F2246AC3BE00D353E8 = {
						CreatedOnToolsVersion = 11.4;
						TestTargetID = EAB4F4DC246AC3BD00D353E8;
					};
					EAB4F4FD246AC3BE00D353E8 = {
						CreatedOnToolsVersion = 11.4;
						TestTargetID = EAB4F4DC246AC3BD00D353E8;
					};
				};
			};
			buildConfigurationList = EAB4F4D8246AC3BD00D353E8 /* Build configuration list for PBXProject "SCHCorePart" */;
			compatibilityVersion = "Xcode 9.3";
			developmentRegion = en;
			hasScannedForEncodings = 0;
			knownRegions = (
				en,
				Base,
			);
			mainGroup = EAB4F4D4246AC3BD00D353E8;
			productRefGroup = EAB4F4DE246AC3BD00D353E8 /* Products */;
			projectDirPath = "";
			projectRoot = "";
			targets = (
				EAB4F4DC246AC3BD00D353E8 /* SCHCorePart */,
				EAB4F4F2246AC3BE00D353E8 /* SCHCorePartTests */,
				EAB4F4FD246AC3BE00D353E8 /* SCHCorePartUITests */,
			);
		};
/* End PBXProject section */

/* Begin PBXResourcesBuildPhase section */
		EAB4F4DB246AC3BD00D353E8 /* Resources */ = {
			isa = PBXResourcesBuildPhase;
			buildActionMask = 2147483647;
			files = (
				EAB4F4ED246AC3BE00D353E8 /* LaunchScreen.storyboard in Resources */,
				EAB4F4EA246AC3BE00D353E8 /* Assets.xcassets in Resources */,
				EAB4F4E8246AC3BD00D353E8 /* Main.storyboard in Resources */,
			);
			runOnlyForDeploymentPostprocessing = 0;
		};
		EAB4F4F1246AC3BE00D353E8 /* Resources */ = {
			isa = PBXResourcesBuildPhase;
			buildActionMask = 2147483647;
			files = (
			);
			runOnlyForDeploymentPostprocessing = 0;
		};
		EAB4F4FC246AC3BE00D353E8 /* Resources */ = {
			isa = PBXResourcesBuildPhase;
			buildActionMask = 2147483647;
			files = (
			);
			runOnlyForDeploymentPostprocessing = 0;
		};
/* End PBXResourcesBuildPhase section */

/* Begin PBXShellScriptBuildPhase section */
		7EB0FBA0050259D0FFF0868C /* [CP] Check Pods Manifest.lock */ = {
			isa = PBXShellScriptBuildPhase;
			buildActionMask = 2147483647;
			files = (
			);
			inputFileListPaths = (
			);
			inputPaths = (
				"${PODS_PODFILE_DIR_PATH}/Podfile.lock",
				"${PODS_ROOT}/Manifest.lock",
			);
			name = "[CP] Check Pods Manifest.lock";
			outputFileListPaths = (
			);
			outputPaths = (
				"$(DERIVED_FILE_DIR)/Pods-SCHCorePartTests-checkManifestLockResult.txt",
			);
			runOnlyForDeploymentPostprocessing = 0;
			shellPath = /bin/sh;
			shellScript = "diff \"${PODS_PODFILE_DIR_PATH}/Podfile.lock\" \"${PODS_ROOT}/Manifest.lock\" > /dev/null\nif [ $? != 0 ] ; then\n    # print error to STDERR\n    echo \"error: The sandbox is not in sync with the Podfile.lock. Run 'pod install' or update your CocoaPods installation.\" >&2\n    exit 1\nfi\n# This output is used by Xcode 'outputs' to avoid re-running this script phase.\necho \"SUCCESS\" > \"${SCRIPT_OUTPUT_FILE_0}\"\n";
			showEnvVarsInLog = 0;
		};
		F1589B7CB7A6F561879C7898 /* [CP] Check Pods Manifest.lock */ = {
			isa = PBXShellScriptBuildPhase;
			buildActionMask = 2147483647;
			files = (
			);
			inputFileListPaths = (
			);
			inputPaths = (
				"${PODS_PODFILE_DIR_PATH}/Podfile.lock",
				"${PODS_ROOT}/Manifest.lock",
			);
			name = "[CP] Check Pods Manifest.lock";
			outputFileListPaths = (
			);
			outputPaths = (
				"$(DERIVED_FILE_DIR)/Pods-SCHCorePart-checkManifestLockResult.txt",
			);
			runOnlyForDeploymentPostprocessing = 0;
			shellPath = /bin/sh;
			shellScript = "diff \"${PODS_PODFILE_DIR_PATH}/Podfile.lock\" \"${PODS_ROOT}/Manifest.lock\" > /dev/null\nif [ $? != 0 ] ; then\n    # print error to STDERR\n    echo \"error: The sandbox is not in sync with the Podfile.lock. Run 'pod install' or update your CocoaPods installation.\" >&2\n    exit 1\nfi\n# This output is used by Xcode 'outputs' to avoid re-running this script phase.\necho \"SUCCESS\" > \"${SCRIPT_OUTPUT_FILE_0}\"\n";
			showEnvVarsInLog = 0;
		};
		FE7EDA36669BA876B7179CC5 /* [CP] Check Pods Manifest.lock */ = {
			isa = PBXShellScriptBuildPhase;
			buildActionMask = 2147483647;
			files = (
			);
			inputFileListPaths = (
			);
			inputPaths = (
				"${PODS_PODFILE_DIR_PATH}/Podfile.lock",
				"${PODS_ROOT}/Manifest.lock",
			);
			name = "[CP] Check Pods Manifest.lock";
			outputFileListPaths = (
			);
			outputPaths = (
				"$(DERIVED_FILE_DIR)/Pods-SCHCorePart-SCHCorePartUITests-checkManifestLockResult.txt",
			);
			runOnlyForDeploymentPostprocessing = 0;
			shellPath = /bin/sh;
			shellScript = "diff \"${PODS_PODFILE_DIR_PATH}/Podfile.lock\" \"${PODS_ROOT}/Manifest.lock\" > /dev/null\nif [ $? != 0 ] ; then\n    # print error to STDERR\n    echo \"error: The sandbox is not in sync with the Podfile.lock. Run 'pod install' or update your CocoaPods installation.\" >&2\n    exit 1\nfi\n# This output is used by Xcode 'outputs' to avoid re-running this script phase.\necho \"SUCCESS\" > \"${SCRIPT_OUTPUT_FILE_0}\"\n";
			showEnvVarsInLog = 0;
		};
/* End PBXShellScriptBuildPhase section */

/* Begin PBXSourcesBuildPhase section */
		EAB4F4D9246AC3BD00D353E8 /* Sources */ = {
			isa = PBXSourcesBuildPhase;
			buildActionMask = 2147483647;
			files = (
				EAB4F4E1246AC3BD00D353E8 /* AppDelegate.swift in Sources */,
				EAB4F511246ACAAC00D353E8 /* SceneDelegate.swift in Sources */,
				EAE54B2C246AD81B00D05F6D /* SCHCorePartViewController.swift in Sources */,
				EA89720F246AE76A00342198 /* SCHPerson.swift in Sources */,
			);
			runOnlyForDeploymentPostprocessing = 0;
		};
		EAB4F4EF246AC3BE00D353E8 /* Sources */ = {
			isa = PBXSourcesBuildPhase;
			buildActionMask = 2147483647;
			files = (
				EAB4F4F8246AC3BE00D353E8 /* SCHCorePartTests.swift in Sources */,
			);
			runOnlyForDeploymentPostprocessing = 0;
		};
		EAB4F4FA246AC3BE00D353E8 /* Sources */ = {
			isa = PBXSourcesBuildPhase;
			buildActionMask = 2147483647;
			files = (
				EAB4F503246AC3BE00D353E8 /* SCHCorePartUITests.swift in Sources */,
			);
			runOnlyForDeploymentPostprocessing = 0;
		};
/* End PBXSourcesBuildPhase section */

/* Begin PBXTargetDependency section */
		EAB4F4F5246AC3BE00D353E8 /* PBXTargetDependency */ = {
			isa = PBXTargetDependency;
			target = EAB4F4DC246AC3BD00D353E8 /* SCHCorePart */;
			targetProxy = EAB4F4F4246AC3BE00D353E8 /* PBXContainerItemProxy */;
		};
		EAB4F500246AC3BE00D353E8 /* PBXTargetDependency */ = {
			isa = PBXTargetDependency;
			target = EAB4F4DC246AC3BD00D353E8 /* SCHCorePart */;
			targetProxy = EAB4F4FF246AC3BE00D353E8 /* PBXContainerItemProxy */;
		};
/* End PBXTargetDependency section */

/* Begin PBXVariantGroup section */
		EAB4F4E6246AC3BD00D353E8 /* Main.storyboard */ = {
			isa = PBXVariantGroup;
			children = (
				EAB4F4E7246AC3BD00D353E8 /* Base */,
			);
			name = Main.storyboard;
			sourceTree = "<group>";
		};
		EAB4F4EB246AC3BE00D353E8 /* LaunchScreen.storyboard */ = {
			isa = PBXVariantGroup;
			children = (
				EAB4F4EC246AC3BE00D353E8 /* Base */,
			);
			name = LaunchScreen.storyboard;
			sourceTree = "<group>";
		};
/* End PBXVariantGroup section */

/* Begin XCBuildConfiguration section */
		EAB4F505246AC3BE00D353E8 /* Debug */ = {
			isa = XCBuildConfiguration;
			buildSettings = {
				ALWAYS_SEARCH_USER_PATHS = NO;
				CLANG_ANALYZER_NONNULL = YES;
				CLANG_ANALYZER_NUMBER_OBJECT_CONVERSION = YES_AGGRESSIVE;
				CLANG_CXX_LANGUAGE_STANDARD = "gnu++14";
				CLANG_CXX_LIBRARY = "libc++";
				CLANG_ENABLE_MODULES = YES;
				CLANG_ENABLE_OBJC_ARC = YES;
				CLANG_ENABLE_OBJC_WEAK = YES;
				CLANG_WARN_BLOCK_CAPTURE_AUTORELEASING = YES;
				CLANG_WARN_BOOL_CONVERSION = YES;
				CLANG_WARN_COMMA = YES;
				CLANG_WARN_CONSTANT_CONVERSION = YES;
				CLANG_WARN_DEPRECATED_OBJC_IMPLEMENTATIONS = YES;
				CLANG_WARN_DIRECT_OBJC_ISA_USAGE = YES_ERROR;
				CLANG_WARN_DOCUMENTATION_COMMENTS = YES;
				CLANG_WARN_EMPTY_BODY = YES;
				CLANG_WARN_ENUM_CONVERSION = YES;
				CLANG_WARN_INFINITE_RECURSION = YES;
				CLANG_WARN_INT_CONVERSION = YES;
				CLANG_WARN_NON_LITERAL_NULL_CONVERSION = YES;
				CLANG_WARN_OBJC_IMPLICIT_RETAIN_SELF = YES;
				CLANG_WARN_OBJC_LITERAL_CONVERSION = YES;
				CLANG_WARN_OBJC_ROOT_CLASS = YES_ERROR;
				CLANG_WARN_RANGE_LOOP_ANALYSIS = YES;
				CLANG_WARN_STRICT_PROTOTYPES = YES;
				CLANG_WARN_SUSPICIOUS_MOVE = YES;
				CLANG_WARN_UNGUARDED_AVAILABILITY = YES_AGGRESSIVE;
				CLANG_WARN_UNREACHABLE_CODE = YES;
				CLANG_WARN__DUPLICATE_METHOD_MATCH = YES;
				COPY_PHASE_STRIP = NO;
				DEBUG_INFORMATION_FORMAT = dwarf;
				ENABLE_STRICT_OBJC_MSGSEND = YES;
				ENABLE_TESTABILITY = YES;
				GCC_C_LANGUAGE_STANDARD = gnu11;
				GCC_DYNAMIC_NO_PIC = NO;
				GCC_NO_COMMON_BLOCKS = YES;
				GCC_OPTIMIZATION_LEVEL = 0;
				GCC_PREPROCESSOR_DEFINITIONS = (
					"DEBUG=1",
					"$(inherited)",
				);
				GCC_WARN_64_TO_32_BIT_CONVERSION = YES;
				GCC_WARN_ABOUT_RETURN_TYPE = YES_ERROR;
				GCC_WARN_UNDECLARED_SELECTOR = YES;
				GCC_WARN_UNINITIALIZED_AUTOS = YES_AGGRESSIVE;
				GCC_WARN_UNUSED_FUNCTION = YES;
				GCC_WARN_UNUSED_VARIABLE = YES;
				IPHONEOS_DEPLOYMENT_TARGET = 13.4;
				MTL_ENABLE_DEBUG_INFO = INCLUDE_SOURCE;
				MTL_FAST_MATH = YES;
				ONLY_ACTIVE_ARCH = YES;
				SDKROOT = iphoneos;
				SWIFT_ACTIVE_COMPILATION_CONDITIONS = DEBUG;
				SWIFT_OPTIMIZATION_LEVEL = "-Onone";
			};
			name = Debug;
		};
		EAB4F506246AC3BE00D353E8 /* Release */ = {
			isa = XCBuildConfiguration;
			buildSettings = {
				ALWAYS_SEARCH_USER_PATHS = NO;
				CLANG_ANALYZER_NONNULL = YES;
				CLANG_ANALYZER_NUMBER_OBJECT_CONVERSION = YES_AGGRESSIVE;
				CLANG_CXX_LANGUAGE_STANDARD = "gnu++14";
				CLANG_CXX_LIBRARY = "libc++";
				CLANG_ENABLE_MODULES = YES;
				CLANG_ENABLE_OBJC_ARC = YES;
				CLANG_ENABLE_OBJC_WEAK = YES;
				CLANG_WARN_BLOCK_CAPTURE_AUTORELEASING = YES;
				CLANG_WARN_BOOL_CONVERSION = YES;
				CLANG_WARN_COMMA = YES;
				CLANG_WARN_CONSTANT_CONVERSION = YES;
				CLANG_WARN_DEPRECATED_OBJC_IMPLEMENTATIONS = YES;
				CLANG_WARN_DIRECT_OBJC_ISA_USAGE = YES_ERROR;
				CLANG_WARN_DOCUMENTATION_COMMENTS = YES;
				CLANG_WARN_EMPTY_BODY = YES;
				CLANG_WARN_ENUM_CONVERSION = YES;
				CLANG_WARN_INFINITE_RECURSION = YES;
				CLANG_WARN_INT_CONVERSION = YES;
				CLANG_WARN_NON_LITERAL_NULL_CONVERSION = YES;
				CLANG_WARN_OBJC_IMPLICIT_RETAIN_SELF = YES;
				CLANG_WARN_OBJC_LITERAL_CONVERSION = YES;
				CLANG_WARN_OBJC_ROOT_CLASS = YES_ERROR;
				CLANG_WARN_RANGE_LOOP_ANALYSIS = YES;
				CLANG_WARN_STRICT_PROTOTYPES = YES;
				CLANG_WARN_SUSPICIOUS_MOVE = YES;
				CLANG_WARN_UNGUARDED_AVAILABILITY = YES_AGGRESSIVE;
				CLANG_WARN_UNREACHABLE_CODE = YES;
				CLANG_WARN__DUPLICATE_METHOD_MATCH = YES;
				COPY_PHASE_STRIP = NO;
				DEBUG_INFORMATION_FORMAT = "dwarf-with-dsym";
				ENABLE_NS_ASSERTIONS = NO;
				ENABLE_STRICT_OBJC_MSGSEND = YES;
				GCC_C_LANGUAGE_STANDARD = gnu11;
				GCC_NO_COMMON_BLOCKS = YES;
				GCC_WARN_64_TO_32_BIT_CONVERSION = YES;
				GCC_WARN_ABOUT_RETURN_TYPE = YES_ERROR;
				GCC_WARN_UNDECLARED_SELECTOR = YES;
				GCC_WARN_UNINITIALIZED_AUTOS = YES_AGGRESSIVE;
				GCC_WARN_UNUSED_FUNCTION = YES;
				GCC_WARN_UNUSED_VARIABLE = YES;
				IPHONEOS_DEPLOYMENT_TARGET = 13.4;
				MTL_ENABLE_DEBUG_INFO = NO;
				MTL_FAST_MATH = YES;
				SDKROOT = iphoneos;
				SWIFT_COMPILATION_MODE = wholemodule;
				SWIFT_OPTIMIZATION_LEVEL = "-O";
				VALIDATE_PRODUCT = YES;
			};
			name = Release;
		};
		EAB4F508246AC3BE00D353E8 /* Debug */ = {
			isa = XCBuildConfiguration;
			baseConfigurationReference = 8704DB299B4CC37848E85D80 /* Pods-SCHCorePart.debug.xcconfig */;
			buildSettings = {
				ASSETCATALOG_COMPILER_APPICON_NAME = AppIcon;
				CODE_SIGN_STYLE = Automatic;
				DEVELOPMENT_TEAM = JX7P3S6QA2;
				INFOPLIST_FILE = SCHCorePart/Info.plist;
				IPHONEOS_DEPLOYMENT_TARGET = 13.0;
				LD_RUNPATH_SEARCH_PATHS = (
					"$(inherited)",
					"@executable_path/Frameworks",
				);
				PRODUCT_BUNDLE_IDENTIFIER = schooldave.SCHCorePart;
				PRODUCT_NAME = "$(TARGET_NAME)";
				SWIFT_VERSION = 5.0;
				TARGETED_DEVICE_FAMILY = "1,2";
			};
			name = Debug;
		};
		EAB4F509246AC3BE00D353E8 /* Release */ = {
			isa = XCBuildConfiguration;
			baseConfigurationReference = 2DB22323274A45B7B41F9119 /* Pods-SCHCorePart.release.xcconfig */;
			buildSettings = {
				ASSETCATALOG_COMPILER_APPICON_NAME = AppIcon;
				CODE_SIGN_STYLE = Automatic;
				DEVELOPMENT_TEAM = JX7P3S6QA2;
				INFOPLIST_FILE = SCHCorePart/Info.plist;
				IPHONEOS_DEPLOYMENT_TARGET = 13.0;
				LD_RUNPATH_SEARCH_PATHS = (
					"$(inherited)",
					"@executable_path/Frameworks",
				);
				PRODUCT_BUNDLE_IDENTIFIER = schooldave.SCHCorePart;
				PRODUCT_NAME = "$(TARGET_NAME)";
				SWIFT_VERSION = 5.0;
				TARGETED_DEVICE_FAMILY = "1,2";
			};
			name = Release;
		};
		EAB4F50B246AC3BE00D353E8 /* Debug */ = {
			isa = XCBuildConfiguration;
			baseConfigurationReference = 986779FA143B63A7CEC26761 /* Pods-SCHCorePartTests.debug.xcconfig */;
			buildSettings = {
				ALWAYS_EMBED_SWIFT_STANDARD_LIBRARIES = YES;
				BUNDLE_LOADER = "$(TEST_HOST)";
				CODE_SIGN_STYLE = Automatic;
				DEVELOPMENT_TEAM = JX7P3S6QA2;
				INFOPLIST_FILE = SCHCorePartTests/Info.plist;
				IPHONEOS_DEPLOYMENT_TARGET = 13.4;
				LD_RUNPATH_SEARCH_PATHS = (
					"$(inherited)",
					"@executable_path/Frameworks",
					"@loader_path/Frameworks",
				);
				PRODUCT_BUNDLE_IDENTIFIER = schooldave.SCHCorePartTests;
				PRODUCT_NAME = "$(TARGET_NAME)";
				SWIFT_VERSION = 5.0;
				TARGETED_DEVICE_FAMILY = "1,2";
				TEST_HOST = "$(BUILT_PRODUCTS_DIR)/SCHCorePart.app/SCHCorePart";
			};
			name = Debug;
		};
		EAB4F50C246AC3BE00D353E8 /* Release */ = {
			isa = XCBuildConfiguration;
			baseConfigurationReference = 16B0157E2464676E29D9652B /* Pods-SCHCorePartTests.release.xcconfig */;
			buildSettings = {
				ALWAYS_EMBED_SWIFT_STANDARD_LIBRARIES = YES;
				BUNDLE_LOADER = "$(TEST_HOST)";
				CODE_SIGN_STYLE = Automatic;
				DEVELOPMENT_TEAM = JX7P3S6QA2;
				INFOPLIST_FILE = SCHCorePartTests/Info.plist;
				IPHONEOS_DEPLOYMENT_TARGET = 13.4;
				LD_RUNPATH_SEARCH_PATHS = (
					"$(inherited)",
					"@executable_path/Frameworks",
					"@loader_path/Frameworks",
				);
				PRODUCT_BUNDLE_IDENTIFIER = schooldave.SCHCorePartTests;
				PRODUCT_NAME = "$(TARGET_NAME)";
				SWIFT_VERSION = 5.0;
				TARGETED_DEVICE_FAMILY = "1,2";
				TEST_HOST = "$(BUILT_PRODUCTS_DIR)/SCHCorePart.app/SCHCorePart";
			};
			name = Release;
		};
		EAB4F50E246AC3BE00D353E8 /* Debug */ = {
			isa = XCBuildConfiguration;
			baseConfigurationReference = 0A0558160F49A97966BF6CB4 /* Pods-SCHCorePart-SCHCorePartUITests.debug.xcconfig */;
			buildSettings = {
				ALWAYS_EMBED_SWIFT_STANDARD_LIBRARIES = YES;
				CODE_SIGN_STYLE = Automatic;
				DEVELOPMENT_TEAM = JX7P3S6QA2;
				INFOPLIST_FILE = SCHCorePartUITests/Info.plist;
				LD_RUNPATH_SEARCH_PATHS = (
					"$(inherited)",
					"@executable_path/Frameworks",
					"@loader_path/Frameworks",
				);
				PRODUCT_BUNDLE_IDENTIFIER = schooldave.SCHCorePartUITests;
				PRODUCT_NAME = "$(TARGET_NAME)";
				SWIFT_VERSION = 5.0;
				TARGETED_DEVICE_FAMILY = "1,2";
				TEST_TARGET_NAME = SCHCorePart;
			};
			name = Debug;
		};
		EAB4F50F246AC3BE00D353E8 /* Release */ = {
			isa = XCBuildConfiguration;
			baseConfigurationReference = D9527D48DB02211A1427323E /* Pods-SCHCorePart-SCHCorePartUITests.release.xcconfig */;
			buildSettings = {
				ALWAYS_EMBED_SWIFT_STANDARD_LIBRARIES = YES;
				CODE_SIGN_STYLE = Automatic;
				DEVELOPMENT_TEAM = JX7P3S6QA2;
				INFOPLIST_FILE = SCHCorePartUITests/Info.plist;
				LD_RUNPATH_SEARCH_PATHS = (
					"$(inherited)",
					"@executable_path/Frameworks",
					"@loader_path/Frameworks",
				);
				PRODUCT_BUNDLE_IDENTIFIER = schooldave.SCHCorePartUITests;
				PRODUCT_NAME = "$(TARGET_NAME)";
				SWIFT_VERSION = 5.0;
				TARGETED_DEVICE_FAMILY = "1,2";
				TEST_TARGET_NAME = SCHCorePart;
			};
			name = Release;
		};
/* End XCBuildConfiguration section */

/* Begin XCConfigurationList section */
		EAB4F4D8246AC3BD00D353E8 /* Build configuration list for PBXProject "SCHCorePart" */ = {
			isa = XCConfigurationList;
			buildConfigurations = (
				EAB4F505246AC3BE00D353E8 /* Debug */,
				EAB4F506246AC3BE00D353E8 /* Release */,
			);
			defaultConfigurationIsVisible = 0;
			defaultConfigurationName = Release;
		};
		EAB4F507246AC3BE00D353E8 /* Build configuration list for PBXNativeTarget "SCHCorePart" */ = {
			isa = XCConfigurationList;
			buildConfigurations = (
				EAB4F508246AC3BE00D353E8 /* Debug */,
				EAB4F509246AC3BE00D353E8 /* Release */,
			);
			defaultConfigurationIsVisible = 0;
			defaultConfigurationName = Release;
		};
		EAB4F50A246AC3BE00D353E8 /* Build configuration list for PBXNativeTarget "SCHCorePartTests" */ = {
			isa = XCConfigurationList;
			buildConfigurations = (
				EAB4F50B246AC3BE00D353E8 /* Debug */,
				EAB4F50C246AC3BE00D353E8 /* Release */,
			);
			defaultConfigurationIsVisible = 0;
			defaultConfigurationName = Release;
		};
		EAB4F50D246AC3BE00D353E8 /* Build configuration list for PBXNativeTarget "SCHCorePartUITests" */ = {
			isa = XCConfigurationList;
			buildConfigurations = (
				EAB4F50E246AC3BE00D353E8 /* Debug */,
				EAB4F50F246AC3BE00D353E8 /* Release */,
			);
			defaultConfigurationIsVisible = 0;
			defaultConfigurationName = Release;
		};
/* End XCConfigurationList section */
	};
	rootObject = EAB4F4D5246AC3BD00D353E8 /* Project object */;
}
