// !$*UTF8*$!
{
	archiveVersion = 1;
	classes = {
	};
	objectVersion = 50;
	objects = {

/* Begin PBXBuildFile section */
		EAB4F4E1246AC3BD00D353E8 /* AppDelegate.swift in Sources */ = {isa = PBXBuildFile; fileRef = EAB4F4E0246AC3BD00D353E8 /* AppDelegate.swift */; };
		EAB4F4E5246AC3BD00D353E8 /* ViewController.swift in Sources */ = {isa = PBXBuildFile; fileRef = EAB4F4E4246AC3BD00D353E8 /* ViewController.swift */; };
		EAB4F4E8246AC3BD00D353E8 /* Main.storyboard in Resources */ = {isa = PBXBuildFile; fileRef = EAB4F4E6246AC3BD00D353E8 /* Main.storyboard */; };
		EAB4F4EA246AC3BE00D353E8 /* Assets.xcassets in Resources */ = {isa = PBXBuildFile; fileRef = EAB4F4E9246AC3BE00D353E8 /* Assets.xcassets */; };
		EAB4F4ED246AC3BE00D353E8 /* LaunchScreen.storyboard in Resources */ = {isa = PBXBuildFile; fileRef = EAB4F4EB246AC3BE00D353E8 /* LaunchScreen.storyboard */; };
		EAB4F4F8246AC3BE00D353E8 /* SCHCorePartTests.swift in Sources */ = {isa = PBXBuildFile; fileRef = EAB4F4F7246AC3BE00D353E8 /* SCHCorePartTests.swift */; };
		EAB4F503246AC3BE00D353E8 /* SCHCorePartUITests.swift in Sources */ = {isa = PBXBuildFile; fileRef = EAB4F502246AC3BE00D353E8 /* SCHCorePartUITests.swift */; };
		EAB4F511246ACAAC00D353E8 /* SceneDelegate.swift in Sources */ = {isa = PBXBuildFile; fileRef = EAB4F510246ACAAC00D353E8 /* SceneDelegate.swift */; };
/* End PBXBuildFile section */

/* Begin PBXContainerItemProxy section */
		EAB4F4F4246AC3BE00D353E8 /* PBXContainerItemProxy */ = {
			isa = PBXContainerItemProxy;
			containerPortal = EAB4F4D5246AC3BD00D353E8 /* Project object */;
			proxyType = 1;
			remoteGlobalIDString = EAB4F4DC246AC3BD00D353E8;
			remoteInfo = SCHCorePart;
		};
		EAB4F4FF246AC3BE00D353E8 /* PBXContainerItemProxy */ = {
			isa = PBXContainerItemProxy;
			containerPortal = EAB4F4D5246AC3BD00D353E8 /* Project object */;
			proxyType = 1;
			remoteGlobalIDString = EAB4F4DC246AC3BD00D353E8;
			remoteInfo = SCHCorePart;
		};
/* End PBXContainerItemProxy section */

/* Begin PBXFileReference section */
		EAB4F4DD246AC3BD00D353E8 /* SCHCorePart.app */ = {isa = PBXFileReference; explicitFileType = wrapper.application; includeInIndex = 0; path = SCHCorePart.app; sourceTree = BUILT_PRODUCTS_DIR; };
		EAB4F4E0246AC3BD00D353E8 /* AppDelegate.swift */ = {isa = PBXFileReference; lastKnownFileType = sourcecode.swift; path = AppDelegate.swift; sourceTree = "<group>"; };
		EAB4F4E4246AC3BD00D353E8 /* ViewController.swift */ = {isa = PBXFileReference; lastKnownFileType = sourcecode.swift; path = ViewController.swift; sourceTree = "<group>"; };
		EAB4F4E7246AC3BD00D353E8 /* Base */ = {isa = PBXFileReference; lastKnownFileType = file.storyboard; name = Base; path = Base.lproj/Main.storyboard; sourceTree = "<group>"; };
		EAB4F4E9246AC3BE00D353E8 /* Assets.xcassets */ = {isa = PBXFileReference; lastKnownFileType = folder.assetcatalog; path = Assets.xcassets; sourceTree = "<group>"; };
		EAB4F4EC246AC3BE00D353E8 /* Base */ = {isa = PBXFileReference; lastKnownFileType = file.storyboard; name = Base; path = Base.lproj/LaunchScreen.storyboard; sourceTree = "<group>"; };
		EAB4F4EE246AC3BE00D353E8 /* Info.plist */ = {isa = PBXFileReference; lastKnownFileType = text.plist.xml; path = Info.plist; sourceTree = "<group>"; };
		EAB4F4F3246AC3BE00D353E8 /* SCHCorePartTests.xctest */ = {isa = PBXFileReference; explicitFileType = wrapper.cfbundle; includeInIndex = 0; path = SCHCorePartTests.xctest; sourceTree = BUILT_PRODUCTS_DIR; };
		EAB4F4F7246AC3BE00D353E8 /* SCHCorePartTests.swift */ = {isa = PBXFileReference; lastKnownFileType = sourcecode.swift; path = SCHCorePartTests.swift; sourceTree = "<group>"; };
		EAB4F4F9246AC3BE00D353E8 /* Info.plist */ = {isa = PBXFileReference; lastKnownFileType = text.plist.xml; path = Info.plist; sourceTree = "<group>"; };
		EAB4F4FE246AC3BE00D353E8 /* SCHCorePartUITests.xctest */ = {isa = PBXFileReference; explicitFileType = wrapper.cfbundle; includeInIndex = 0; path = SCHCorePartUITests.xctest; sourceTree = BUILT_PRODUCTS_DIR; };
		EAB4F502246AC3BE00D353E8 /* SCHCorePartUITests.swift */ = {isa = PBXFileReference; lastKnownFileType = sourcecode.swift; path = SCHCorePartUITests.swift; sourceTree = "<group>"; };
		EAB4F504246AC3BE00D353E8 /* Info.plist */ = {isa = PBXFileReference; lastKnownFileType = text.plist.xml; path = Info.plist; sourceTree = "<group>"; };
		EAB4F510246ACAAC00D353E8 /* SceneDelegate.swift */ = {isa = PBXFileReference; fileEncoding = 4; lastKnownFileType = sourcecode.swift; path = SceneDelegate.swift; sourceTree = "<group>"; };
/* End PBXFileReference section */

/* Begin PBXFrameworksBuildPhase section */
		EAB4F4DA246AC3BD00D353E8 /* Frameworks */ = {
			isa = PBXFrameworksBuildPhase;
			buildActionMask = 2147483647;
			files = (
			);
			runOnlyForDeploymentPostprocessing = 0;
		};
		EAB4F4F0246AC3BE00D353E8 /* Frameworks */ = {
			isa = PBXFrameworksBuildPhase;
			buildActionMask = 2147483647;
			files = (
			);
			runOnlyForDeploymentPostprocessing = 0;
		};
		EAB4F4FB246AC3BE00D353E8 /* Frameworks */ = {
			isa = PBXFrameworksBuildPhase;
			buildActionMask = 2147483647;
			files = (
			);
			runOnlyForDeploymentPostprocessing = 0;
		};
/* End PBXFrameworksBuildPhase section */

/* Begin PBXGroup section */
		EAB4F4D4246AC3BD00D353E8 = {
			isa = PBXGroup;
			children = (
				EAB4F4DF246AC3BD00D353E8 /* SCHCorePart */,
				EAB4F4F6246AC3BE00D353E8 /* SCHCorePartTests */,
				EAB4F501246AC3BE00D353E8 /* SCHCorePartUITests */,
				EAB4F4DE246AC3BD00D353E8 /* Products */,
			);
			sourceTree = "<group>";
		};
		EAB4F4DE246AC3BD00D353E8 /* Products */ = {
			isa = PBXGroup;
			children = (
				EAB4F4DD246AC3BD00D353E8 /* SCHCorePart.app */,
				EAB4F4F3246AC3BE00D353E8 /* SCHCorePartTests.xctest */,
				EAB4F4FE246AC3BE00D353E8 /* SCHCorePartUITests.xctest */,
			);
			name = Products;
			sourceTree = "<group>";
		};
		EAB4F4DF246AC3BD00D353E8 /* SCHCorePart */ = {
			isa = PBXGroup;
			children = (
				EAB4F4E0246AC3BD00D353E8 /* AppDelegate.swift */,
				EAB4F510246ACAAC00D353E8 /* SceneDelegate.swift */,
				EAB4F4E4246AC3BD00D353E8 /* ViewController.swift */,
				EAB4F4E6246AC3BD00D353E8 /* Main.storyboard */,
				EAB4F4E9246AC3BE00D353E8 /* Assets.xcassets */,
				EAB4F4EB246AC3BE00D353E8 /* LaunchScreen.storyboard */,
				EAB4F4EE246AC3BE00D353E8 /* Info.plist */,
			);
			path = SCHCorePart;
			sourceTree = "<group>";
		};
		EAB4F4F6246AC3BE00D353E8 /* SCHCorePartTests */ = {
			isa = PBXGroup;
			children = (
				EAB4F4F7246AC3BE00D353E8 /* SCHCorePartTests.swift */,
				EAB4F4F9246AC3BE00D353E8 /* Info.plist */,
			);
			path = SCHCorePartTests;
			sourceTree = "<group>";
		};
		EAB4F501246AC3BE00D353E8 /* SCHCorePartUITests */ = {
			isa = PBXGroup;
			children = (
				EAB4F502246AC3BE00D353E8 /* SCHCorePartUITests.swift */,
				EAB4F504246AC3BE00D353E8 /* Info.plist */,
			);
			path = SCHCorePartUITests;
			sourceTree = "<group>";
		};
/* End PBXGroup section */

/* Begin PBXNativeTarget section */
		EAB4F4DC246AC3BD00D353E8 /* SCHCorePart */ = {
			isa = PBXNativeTarget;
			buildConfigurationList = EAB4F507246AC3BE00D353E8 /* Build configuration list for PBXNativeTarget "SCHCorePart" */;
			buildPhases = (
				EAB4F4D9246AC3BD00D353E8 /* Sources */,
				EAB4F4DA246AC3BD00D353E8 /* Frameworks */,
				EAB4F4DB246AC3BD00D353E8 /* Resources */,
			);
			buildRules = (
			);
			dependencies = (
			);
			name = SCHCorePart;
			productName = SCHCorePart;
			productReference = EAB4F4DD246AC3BD00D353E8 /* SCHCorePart.app */;
			productType = "com.apple.product-type.application";
		};
		EAB4F4F2246AC3BE00D353E8 /* SCHCorePartTests */ = {
			isa = PBXNativeTarget;
			buildConfigurationList = EAB4F50A246AC3BE00D353E8 /* Build configuration list for PBXNativeTarget "SCHCorePartTests" */;
			buildPhases = (
				EAB4F4EF246AC3BE00D353E8 /* Sources */,
				EAB4F4F0246AC3BE00D353E8 /* Frameworks */,
				EAB4F4F1246AC3BE00D353E8 /* Resources */,
			);
			buildRules = (
			);
			dependencies = (
				EAB4F4F5246AC3BE00D353E8 /* PBXTargetDependency */,
			);
			name = SCHCorePartTests;
			productName = SCHCorePartTests;
			productReference = EAB4F4F3246AC3BE00D353E8 /* SCHCorePartTests.xctest */;
			productType = "com.apple.product-type.bundle.unit-test";
		};
		EAB4F4FD246AC3BE00D353E8 /* SCHCorePartUITests */ = {
			isa = PBXNativeTarget;
			buildConfigurationList = EAB4F50D246AC3BE00D353E8 /* Build configuration list for PBXNativeTarget "SCHCorePartUITests" */;
			buildPhases = (
				EAB4F4FA246AC3BE00D353E8 /* Sources */,
				EAB4F4FB246AC3BE00D353E8 /* Frameworks */,
				EAB4F4FC246AC3BE00D353E8 /* Resources */,
			);
			buildRules = (
			);
			dependencies = (
				EAB4F500246AC3BE00D353E8 /* PBXTargetDependency */,
			);
			name = SCHCorePartUITests;
			productName = SCHCorePartUITests;
			productReference = EAB4F4FE246AC3BE00D353E8 /* SCHCorePartUITests.xctest */;
			productType = "com.apple.product-type.bundle.ui-testing";
		};
/* End PBXNativeTarget section */

/* Begin PBXProject section */
		EAB4F4D5246AC3BD00D353E8 /* Project object */ = {
			isa = PBXProject;
			attributes = {
				LastSwiftUpdateCheck = 1140;
				LastUpgradeCheck = 1140;
				ORGANIZATIONNAME = schooldave;
				TargetAttributes = {
					EAB4F4DC246AC3BD00D353E8 = {
						CreatedOnToolsVersion = 11.4;
					};
					EAB4F4F2246AC3BE00D353E8 = {
						CreatedOnToolsVersion = 11.4;
						TestTargetID = EAB4F4DC246AC3BD00D353E8;
					};
					EAB4F4FD246AC3BE00D353E8 = {
						CreatedOnToolsVersion = 11.4;
						TestTargetID = EAB4F4DC246AC3BD00D353E8;
					};
				};
			};
			buildConfigurationList = EAB4F4D8246AC3BD00D353E8 /* Build configuration list for PBXProject "SCHCorePart" */;
			compatibilityVersion = "Xcode 9.3";
			developmentRegion = en;
			hasScannedForEncodings = 0;
			knownRegions = (
				en,
				Base,
			);
			mainGroup = EAB4F4D4246AC3BD00D353E8;
			productRefGroup = EAB4F4DE246AC3BD00D353E8 /* Products */;
			projectDirPath = "";
			projectRoot = "";
			targets = (
				EAB4F4DC246AC3BD00D353E8 /* SCHCorePart */,
				EAB4F4F2246AC3BE00D353E8 /* SCHCorePartTests */,
				EAB4F4FD246AC3BE00D353E8 /* SCHCorePartUITests */,
			);
		};
/* End PBXProject section */

/* Begin PBXResourcesBuildPhase section */
		EAB4F4DB246AC3BD00D353E8 /* Resources */ = {
			isa = PBXResourcesBuildPhase;
			buildActionMask = 2147483647;
			files = (
				EAB4F4ED246AC3BE00D353E8 /* LaunchScreen.storyboard in Resources */,
				EAB4F4EA246AC3BE00D353E8 /* Assets.xcassets in Resources */,
				EAB4F4E8246AC3BD00D353E8 /* Main.storyboard in Resources */,
			);
			runOnlyForDeploymentPostprocessing = 0;
		};
		EAB4F4F1246AC3BE00D353E8 /* Resources */ = {
			isa = PBXResourcesBuildPhase;
			buildActionMask = 2147483647;
			files = (
			);
			runOnlyForDeploymentPostprocessing = 0;
		};
		EAB4F4FC246AC3BE00D353E8 /* Resources */ = {
			isa = PBXResourcesBuildPhase;
			buildActionMask = 2147483647;
			files = (
			);
			runOnlyForDeploymentPostprocessing = 0;
		};
/* End PBXResourcesBuildPhase section */

/* Begin PBXSourcesBuildPhase section */
		EAB4F4D9246AC3BD00D353E8 /* Sources */ = {
			isa = PBXSourcesBuildPhase;
			buildActionMask = 2147483647;
			files = (
				EAB4F4E5246AC3BD00D353E8 /* ViewController.swift in Sources */,
				EAB4F4E1246AC3BD00D353E8 /* AppDelegate.swift in Sources */,
				EAB4F511246ACAAC00D353E8 /* SceneDelegate.swift in Sources */,
			);
			runOnlyForDeploymentPostprocessing = 0;
		};
		EAB4F4EF246AC3BE00D353E8 /* Sources */ = {
			isa = PBXSourcesBuildPhase;
			buildActionMask = 2147483647;
			files = (
				EAB4F4F8246AC3BE00D353E8 /* SCHCorePartTests.swift in Sources */,
			);
			runOnlyForDeploymentPostprocessing = 0;
		};
		EAB4F4FA246AC3BE00D353E8 /* Sources */ = {
			isa = PBXSourcesBuildPhase;
			buildActionMask = 2147483647;
			files = (
				EAB4F503246AC3BE00D353E8 /* SCHCorePartUITests.swift in Sources */,
			);
			runOnlyForDeploymentPostprocessing = 0;
		};
/* End PBXSourcesBuildPhase section */

/* Begin PBXTargetDependency section */
		EAB4F4F5246AC3BE00D353E8 /* PBXTargetDependency */ = {
			isa = PBXTargetDependency;
			target = EAB4F4DC246AC3BD00D353E8 /* SCHCorePart */;
			targetProxy = EAB4F4F4246AC3BE00D353E8 /* PBXContainerItemProxy */;
		};
		EAB4F500246AC3BE00D353E8 /* PBXTargetDependency */ = {
			isa = PBXTargetDependency;
			target = EAB4F4DC246AC3BD00D353E8 /* SCHCorePart */;
			targetProxy = EAB4F4FF246AC3BE00D353E8 /* PBXContainerItemProxy */;
		};
/* End PBXTargetDependency section */

/* Begin PBXVariantGroup section */
		EAB4F4E6246AC3BD00D353E8 /* Main.storyboard */ = {
			isa = PBXVariantGroup;
			children = (
				EAB4F4E7246AC3BD00D353E8 /* Base */,
			);
			name = Main.storyboard;
			sourceTree = "<group>";
		};
		EAB4F4EB246AC3BE00D353E8 /* LaunchScreen.storyboard */ = {
			isa = PBXVariantGroup;
			children = (
				EAB4F4EC246AC3BE00D353E8 /* Base */,
			);
			name = LaunchScreen.storyboard;
			sourceTree = "<group>";
		};
/* End PBXVariantGroup section */

/* Begin XCBuildConfiguration section */
		EAB4F505246AC3BE00D353E8 /* Debug */ = {
			isa = XCBuildConfiguration;
			buildSettings = {
				ALWAYS_SEARCH_USER_PATHS = NO;
				CLANG_ANALYZER_NONNULL = YES;
				CLANG_ANALYZER_NUMBER_OBJECT_CONVERSION = YES_AGGRESSIVE;
				CLANG_CXX_LANGUAGE_STANDARD = "gnu++14";
				CLANG_CXX_LIBRARY = "libc++";
				CLANG_ENABLE_MODULES = YES;
				CLANG_ENABLE_OBJC_ARC = YES;
				CLANG_ENABLE_OBJC_WEAK = YES;
				CLANG_WARN_BLOCK_CAPTURE_AUTORELEASING = YES;
				CLANG_WARN_BOOL_CONVERSION = YES;
				CLANG_WARN_COMMA = YES;
				CLANG_WARN_CONSTANT_CONVERSION = YES;
				CLANG_WARN_DEPRECATED_OBJC_IMPLEMENTATIONS = YES;
				CLANG_WARN_DIRECT_OBJC_ISA_USAGE = YES_ERROR;
				CLANG_WARN_DOCUMENTATION_COMMENTS = YES;
				CLANG_WARN_EMPTY_BODY = YES;
				CLANG_WARN_ENUM_CONVERSION = YES;
				CLANG_WARN_INFINITE_RECURSION = YES;
				CLANG_WARN_INT_CONVERSION = YES;
				CLANG_WARN_NON_LITERAL_NULL_CONVERSION = YES;
				CLANG_WARN_OBJC_IMPLICIT_RETAIN_SELF = YES;
				CLANG_WARN_OBJC_LITERAL_CONVERSION = YES;
				CLANG_WARN_OBJC_ROOT_CLASS = YES_ERROR;
				CLANG_WARN_RANGE_LOOP_ANALYSIS = YES;
				CLANG_WARN_STRICT_PROTOTYPES = YES;
				CLANG_WARN_SUSPICIOUS_MOVE = YES;
				CLANG_WARN_UNGUARDED_AVAILABILITY = YES_AGGRESSIVE;
				CLANG_WARN_UNREACHABLE_CODE = YES;
				CLANG_WARN__DUPLICATE_METHOD_MATCH = YES;
				COPY_PHASE_STRIP = NO;
				DEBUG_INFORMATION_FORMAT = dwarf;
				ENABLE_STRICT_OBJC_MSGSEND = YES;
				ENABLE_TESTABILITY = YES;
				GCC_C_LANGUAGE_STANDARD = gnu11;
				GCC_DYNAMIC_NO_PIC = NO;
				GCC_NO_COMMON_BLOCKS = YES;
				GCC_OPTIMIZATION_LEVEL = 0;
				GCC_PREPROCESSOR_DEFINITIONS = (
					"DEBUG=1",
					"$(inherited)",
				);
				GCC_WARN_64_TO_32_BIT_CONVERSION = YES;
				GCC_WARN_ABOUT_RETURN_TYPE = YES_ERROR;
				GCC_WARN_UNDECLARED_SELECTOR = YES;
				GCC_WARN_UNINITIALIZED_AUTOS = YES_AGGRESSIVE;
				GCC_WARN_UNUSED_FUNCTION = YES;
				GCC_WARN_UNUSED_VARIABLE = YES;
				IPHONEOS_DEPLOYMENT_TARGET = 13.4;
				MTL_ENABLE_DEBUG_INFO = INCLUDE_SOURCE;
				MTL_FAST_MATH = YES;
				ONLY_ACTIVE_ARCH = YES;
				SDKROOT = iphoneos;
				SWIFT_ACTIVE_COMPILATION_CONDITIONS = DEBUG;
				SWIFT_OPTIMIZATION_LEVEL = "-Onone";
			};
			name = Debug;
		};
		EAB4F506246AC3BE00D353E8 /* Release */ = {
			isa = XCBuildConfiguration;
			buildSettings = {
				ALWAYS_SEARCH_USER_PATHS = NO;
				CLANG_ANALYZER_NONNULL = YES;
				CLANG_ANALYZER_NUMBER_OBJECT_CONVERSION = YES_AGGRESSIVE;
				CLANG_CXX_LANGUAGE_STANDARD = "gnu++14";
				CLANG_CXX_LIBRARY = "libc++";
				CLANG_ENABLE_MODULES = YES;
				CLANG_ENABLE_OBJC_ARC = YES;
				CLANG_ENABLE_OBJC_WEAK = YES;
				CLANG_WARN_BLOCK_CAPTURE_AUTORELEASING = YES;
				CLANG_WARN_BOOL_CONVERSION = YES;
				CLANG_WARN_COMMA = YES;
				CLANG_WARN_CONSTANT_CONVERSION = YES;
				CLANG_WARN_DEPRECATED_OBJC_IMPLEMENTATIONS = YES;
				CLANG_WARN_DIRECT_OBJC_ISA_USAGE = YES_ERROR;
				CLANG_WARN_DOCUMENTATION_COMMENTS = YES;
				CLANG_WARN_EMPTY_BODY = YES;
				CLANG_WARN_ENUM_CONVERSION = YES;
				CLANG_WARN_INFINITE_RECURSION = YES;
				CLANG_WARN_INT_CONVERSION = YES;
				CLANG_WARN_NON_LITERAL_NULL_CONVERSION = YES;
				CLANG_WARN_OBJC_IMPLICIT_RETAIN_SELF = YES;
				CLANG_WARN_OBJC_LITERAL_CONVERSION = YES;
				CLANG_WARN_OBJC_ROOT_CLASS = YES_ERROR;
				CLANG_WARN_RANGE_LOOP_ANALYSIS = YES;
				CLANG_WARN_STRICT_PROTOTYPES = YES;
				CLANG_WARN_SUSPICIOUS_MOVE = YES;
				CLANG_WARN_UNGUARDED_AVAILABILITY = YES_AGGRESSIVE;
				CLANG_WARN_UNREACHABLE_CODE = YES;
				CLANG_WARN__DUPLICATE_METHOD_MATCH = YES;
				COPY_PHASE_STRIP = NO;
				DEBUG_INFORMATION_FORMAT = "dwarf-with-dsym";
				ENABLE_NS_ASSERTIONS = NO;
				ENABLE_STRICT_OBJC_MSGSEND = YES;
				GCC_C_LANGUAGE_STANDARD = gnu11;
				GCC_NO_COMMON_BLOCKS = YES;
				GCC_WARN_64_TO_32_BIT_CONVERSION = YES;
				GCC_WARN_ABOUT_RETURN_TYPE = YES_ERROR;
				GCC_WARN_UNDECLARED_SELECTOR = YES;
				GCC_WARN_UNINITIALIZED_AUTOS = YES_AGGRESSIVE;
				GCC_WARN_UNUSED_FUNCTION = YES;
				GCC_WARN_UNUSED_VARIABLE = YES;
				IPHONEOS_DEPLOYMENT_TARGET = 13.4;
				MTL_ENABLE_DEBUG_INFO = NO;
				MTL_FAST_MATH = YES;
				SDKROOT = iphoneos;
				SWIFT_COMPILATION_MODE = wholemodule;
				SWIFT_OPTIMIZATION_LEVEL = "-O";
				VALIDATE_PRODUCT = YES;
			};
			name = Release;
		};
		EAB4F508246AC3BE00D353E8 /* Debug */ = {
			isa = XCBuildConfiguration;
			buildSettings = {
				ASSETCATALOG_COMPILER_APPICON_NAME = AppIcon;
				CODE_SIGN_STYLE = Automatic;
				DEVELOPMENT_TEAM = JX7P3S6QA2;
				INFOPLIST_FILE = SCHCorePart/Info.plist;
				IPHONEOS_DEPLOYMENT_TARGET = 13.0;
				LD_RUNPATH_SEARCH_PATHS = (
					"$(inherited)",
					"@executable_path/Frameworks",
				);
				PRODUCT_BUNDLE_IDENTIFIER = schooldave.SCHCorePart;
				PRODUCT_NAME = "$(TARGET_NAME)";
				SWIFT_VERSION = 5.0;
				TARGETED_DEVICE_FAMILY = "1,2";
			};
			name = Debug;
		};
		EAB4F509246AC3BE00D353E8 /* Release */ = {
			isa = XCBuildConfiguration;
			buildSettings = {
				ASSETCATALOG_COMPILER_APPICON_NAME = AppIcon;
				CODE_SIGN_STYLE = Automatic;
				DEVELOPMENT_TEAM = JX7P3S6QA2;
				INFOPLIST_FILE = SCHCorePart/Info.plist;
				IPHONEOS_DEPLOYMENT_TARGET = 13.0;
				LD_RUNPATH_SEARCH_PATHS = (
					"$(inherited)",
					"@executable_path/Frameworks",
				);
				PRODUCT_BUNDLE_IDENTIFIER = schooldave.SCHCorePart;
				PRODUCT_NAME = "$(TARGET_NAME)";
				SWIFT_VERSION = 5.0;
				TARGETED_DEVICE_FAMILY = "1,2";
			};
			name = Release;
		};
		EAB4F50B246AC3BE00D353E8 /* Debug */ = {
			isa = XCBuildConfiguration;
			buildSettings = {
				ALWAYS_EMBED_SWIFT_STANDARD_LIBRARIES = YES;
				BUNDLE_LOADER = "$(TEST_HOST)";
				CODE_SIGN_STYLE = Automatic;
				DEVELOPMENT_TEAM = JX7P3S6QA2;
				INFOPLIST_FILE = SCHCorePartTests/Info.plist;
				IPHONEOS_DEPLOYMENT_TARGET = 13.4;
				LD_RUNPATH_SEARCH_PATHS = (
					"$(inherited)",
					"@executable_path/Frameworks",
					"@loader_path/Frameworks",
				);
				PRODUCT_BUNDLE_IDENTIFIER = schooldave.SCHCorePartTests;
				PRODUCT_NAME = "$(TARGET_NAME)";
				SWIFT_VERSION = 5.0;
				TARGETED_DEVICE_FAMILY = "1,2";
				TEST_HOST = "$(BUILT_PRODUCTS_DIR)/SCHCorePart.app/SCHCorePart";
			};
			name = Debug;
		};
		EAB4F50C246AC3BE00D353E8 /* Release */ = {
			isa = XCBuildConfiguration;
			buildSettings = {
				ALWAYS_EMBED_SWIFT_STANDARD_LIBRARIES = YES;
				BUNDLE_LOADER = "$(TEST_HOST)";
				CODE_SIGN_STYLE = Automatic;
				DEVELOPMENT_TEAM = JX7P3S6QA2;
				INFOPLIST_FILE = SCHCorePartTests/Info.plist;
				IPHONEOS_DEPLOYMENT_TARGET = 13.4;
				LD_RUNPATH_SEARCH_PATHS = (
					"$(inherited)",
					"@executable_path/Frameworks",
					"@loader_path/Frameworks",
				);
				PRODUCT_BUNDLE_IDENTIFIER = schooldave.SCHCorePartTests;
				PRODUCT_NAME = "$(TARGET_NAME)";
				SWIFT_VERSION = 5.0;
				TARGETED_DEVICE_FAMILY = "1,2";
				TEST_HOST = "$(BUILT_PRODUCTS_DIR)/SCHCorePart.app/SCHCorePart";
			};
			name = Release;
		};
		EAB4F50E246AC3BE00D353E8 /* Debug */ = {
			isa = XCBuildConfiguration;
			buildSettings = {
				ALWAYS_EMBED_SWIFT_STANDARD_LIBRARIES = YES;
				CODE_SIGN_STYLE = Automatic;
				DEVELOPMENT_TEAM = JX7P3S6QA2;
				INFOPLIST_FILE = SCHCorePartUITests/Info.plist;
				LD_RUNPATH_SEARCH_PATHS = (
					"$(inherited)",
					"@executable_path/Frameworks",
					"@loader_path/Frameworks",
				);
				PRODUCT_BUNDLE_IDENTIFIER = schooldave.SCHCorePartUITests;
				PRODUCT_NAME = "$(TARGET_NAME)";
				SWIFT_VERSION = 5.0;
				TARGETED_DEVICE_FAMILY = "1,2";
				TEST_TARGET_NAME = SCHCorePart;
			};
			name = Debug;
		};
		EAB4F50F246AC3BE00D353E8 /* Release */ = {
			isa = XCBuildConfiguration;
			buildSettings = {
				ALWAYS_EMBED_SWIFT_STANDARD_LIBRARIES = YES;
				CODE_SIGN_STYLE = Automatic;
				DEVELOPMENT_TEAM = JX7P3S6QA2;
				INFOPLIST_FILE = SCHCorePartUITests/Info.plist;
				LD_RUNPATH_SEARCH_PATHS = (
					"$(inherited)",
					"@executable_path/Frameworks",
					"@loader_path/Frameworks",
				);
				PRODUCT_BUNDLE_IDENTIFIER = schooldave.SCHCorePartUITests;
				PRODUCT_NAME = "$(TARGET_NAME)";
				SWIFT_VERSION = 5.0;
				TARGETED_DEVICE_FAMILY = "1,2";
				TEST_TARGET_NAME = SCHCorePart;
			};
			name = Release;
		};
/* End XCBuildConfiguration section */

/* Begin XCConfigurationList section */
		EAB4F4D8246AC3BD00D353E8 /* Build configuration list for PBXProject "SCHCorePart" */ = {
			isa = XCConfigurationList;
			buildConfigurations = (
				EAB4F505246AC3BE00D353E8 /* Debug */,
				EAB4F506246AC3BE00D353E8 /* Release */,
			);
			defaultConfigurationIsVisible = 0;
			defaultConfigurationName = Release;
		};
		EAB4F507246AC3BE00D353E8 /* Build configuration list for PBXNativeTarget "SCHCorePart" */ = {
			isa = XCConfigurationList;
			buildConfigurations = (
				EAB4F508246AC3BE00D353E8 /* Debug */,
				EAB4F509246AC3BE00D353E8 /* Release */,
			);
			defaultConfigurationIsVisible = 0;
			defaultConfigurationName = Release;
		};
		EAB4F50A246AC3BE00D353E8 /* Build configuration list for PBXNativeTarget "SCHCorePartTests" */ = {
			isa = XCConfigurationList;
			buildConfigurations = (
				EAB4F50B246AC3BE00D353E8 /* Debug */,
				EAB4F50C246AC3BE00D353E8 /* Release */,
			);
			defaultConfigurationIsVisible = 0;
			defaultConfigurationName = Release;
		};
		EAB4F50D246AC3BE00D353E8 /* Build configuration list for PBXNativeTarget "SCHCorePartUITests" */ = {
			isa = XCConfigurationList;
			buildConfigurations = (
				EAB4F50E246AC3BE00D353E8 /* Debug */,
				EAB4F50F246AC3BE00D353E8 /* Release */,
			);
			defaultConfigurationIsVisible = 0;
			defaultConfigurationName = Release;
		};
/* End XCConfigurationList section */
	};
	rootObject = EAB4F4D5246AC3BD00D353E8 /* Project object */;
}
